{
  "name": "salesforce-cosmos-themes",
  "version": "0.0.1",
  "lockfileVersion": 3,
  "requires": true,
  "packages": {
    "": {
      "name": "salesforce-cosmos-themes",
      "version": "0.0.1",
      "dependencies": {
        "@salesforce-ux/design-system-2": "^2.0.0"
      },
      "engines": {
        "vscode": "^1.8.0"
      }
    },
    "node_modules/@salesforce-ux/design-system-2": {
      "version": "2.0.0",
      "resolved": "https://registry.npmjs.org/@salesforce-ux/design-system-2/-/design-system-2-2.0.0.tgz",
      "integrity": "sha512-P3DhPd6pF6Ii9dNsIosBwGFaWu8kWp33dK3wcG1xVCOswKsonx4jNCRAOmiAyRjF6rAr5BHQa52+H1pnAOd6IQ==",
      "license": "SEE LICENSE IN LICENSE.txt",
      "engines": {
        "node": ">=20"
      }
    }
  }
}
